
Microsoft Visual Studio Solution File, Format Version 12.00
# Visual Studio 15
VisualStudioVersion = 15.0.28307.489
MinimumVisualStudioVersion = 10.0.40219.1
Project("{FAE04EC0-301F-11D3-BF4B-00C04F79EFBC}") = "Exercise3_ArraysAndLists", "Exercise3_ArraysAndLists\Exercise3_ArraysAndLists.csproj", "{967CC7BF-4432-4793-B80D-F71AEBBB3CDA}"
EndProject
Global
	GlobalSection(SolutionConfigurationPlatforms) = preSolution
		Debug|Any CPU = Debug|Any CPU
		Release|Any CPU = Release|Any CPU
	EndGlobalSection
	GlobalSection(ProjectConfigurationPlatforms) = postSolution
		{967CC7BF-4432-4793-B80D-F71AEBBB3CDA}.Debug|Any CPU.ActiveCfg = Debug|Any CPU
		{967CC7BF-4432-4793-B80D-F71AEBBB3CDA}.Debug|Any CPU.Build.0 = Debug|Any CPU
		{967CC7BF-4432-4793-B80D-F71AEBBB3CDA}.Release|Any CPU.ActiveCfg = Release|Any CPU
		{967CC7BF-4432-4793-B80D-F71AEBBB3CDA}.Release|Any CPU.Build.0 = Release|Any CPU
	EndGlobalSection
	GlobalSection(SolutionProperties) = preSolution
		HideSolutionNode = FALSE
	EndGlobalSection
	GlobalSection(ExtensibilityGlobals) = postSolution
		SolutionGuid = {66E1AAE1-86F9-4898-A857-4E754F57C287}
	EndGlobalSection
EndGlobal
